
Microsoft Visual Studio Solution File, Format Version 12.00
# Visual Studio Version 16
VisualStudioVersion = 16.0.31911.196
MinimumVisualStudioVersion = 10.0.40219.1
Project("{FAE04EC0-301F-11D3-BF4B-00C04F79EFBC}") = "Lesson_14", "Lesson_14\Lesson_14.csproj", "{7D47FF5F-9B9A-41C1-B363-F106060B4067}"
EndProject
Global
	GlobalSection(SolutionConfigurationPlatforms) = preSolution
		Debug|Any CPU = Debug|Any CPU
		Release|Any CPU = Release|Any CPU
	EndGlobalSection
	GlobalSection(ProjectConfigurationPlatforms) = postSolution
		{7D47FF5F-9B9A-41C1-B363-F106060B4067}.Debug|Any CPU.ActiveCfg = Debug|Any CPU
		{7D47FF5F-9B9A-41C1-B363-F106060B4067}.Debug|Any CPU.Build.0 = Debug|Any CPU
		{7D47FF5F-9B9A-41C1-B363-F106060B4067}.Release|Any CPU.ActiveCfg = Release|Any CPU
		{7D47FF5F-9B9A-41C1-B363-F106060B4067}.Release|Any CPU.Build.0 = Release|Any CPU
	EndGlobalSection
	GlobalSection(SolutionProperties) = preSolution
		HideSolutionNode = FALSE
	EndGlobalSection
	GlobalSection(ExtensibilityGlobals) = postSolution
		SolutionGuid = {CCF920B6-C1F7-4F98-9B7A-CB9782BAA7DC}
	EndGlobalSection
EndGlobal
